
Microsoft Visual Studio Solution File, Format Version 12.00
# Visual Studio Version 17
VisualStudioVersion = 17.1.32228.430
MinimumVisualStudioVersion = 10.0.40219.1
Project("{FAE04EC0-301F-11D3-BF4B-00C04F79EFBC}") = "MedidoresWeb", "MedidoresWeb\MedidoresWeb.csproj", "{BAB614D3-A2C5-4433-B284-39DC68B4DBFB}"
EndProject
Project("{FAE04EC0-301F-11D3-BF4B-00C04F79EFBC}") = "MedidoresModel", "MedidoresModel\MedidoresModel.csproj", "{2B4C1F63-E144-45CC-A770-80EE804AC29D}"
EndProject
Global
	GlobalSection(SolutionConfigurationPlatforms) = preSolution
		Debug|Any CPU = Debug|Any CPU
		Release|Any CPU = Release|Any CPU
	EndGlobalSection
	GlobalSection(ProjectConfigurationPlatforms) = postSolution
		{BAB614D3-A2C5-4433-B284-39DC68B4DBFB}.Debug|Any CPU.ActiveCfg = Debug|Any CPU
		{BAB614D3-A2C5-4433-B284-39DC68B4DBFB}.Debug|Any CPU.Build.0 = Debug|Any CPU
		{BAB614D3-A2C5-4433-B284-39DC68B4DBFB}.Release|Any CPU.ActiveCfg = Release|Any CPU
		{BAB614D3-A2C5-4433-B284-39DC68B4DBFB}.Release|Any CPU.Build.0 = Release|Any CPU
		{2B4C1F63-E144-45CC-A770-80EE804AC29D}.Debug|Any CPU.ActiveCfg = Debug|Any CPU
		{2B4C1F63-E144-45CC-A770-80EE804AC29D}.Debug|Any CPU.Build.0 = Debug|Any CPU
		{2B4C1F63-E144-45CC-A770-80EE804AC29D}.Release|Any CPU.ActiveCfg = Release|Any CPU
		{2B4C1F63-E144-45CC-A770-80EE804AC29D}.Release|Any CPU.Build.0 = Release|Any CPU
	EndGlobalSection
	GlobalSection(SolutionProperties) = preSolution
		HideSolutionNode = FALSE
	EndGlobalSection
	GlobalSection(ExtensibilityGlobals) = postSolution
		SolutionGuid = {61C96CF7-8119-4188-940A-5957D6C883E9}
	EndGlobalSection
EndGlobal
